# This file is automatically @generated by Cargo.
# It is not intended for manual editing.
version = 4

[[package]]
name = "bitflags"
version = "2.13.1"
source = "registry+https://github.com/rust-lang/crates.io-index"
checksum = "b588b76d00fde79687d7646a9b5bdf3cc0f655e0bbd080335a95d7e96f3587da"

[[package]]
name = "equivalent"
version = "1.0.2"
source = "registry+https://github.com/rust-lang/crates.io-index"
checksum = "877a4ace8713b0bcf2a4e7eec82529c029f1d0619886d18145fea96c3ffe5c0f"

[[package]]
name = "hashbrown"
version = "0.17.1"
source = "registry+https://github.com/rust-lang/crates.io-index"
checksum = "ed5909b6e89a2db4456e54cd5f673791d7eca6732202bbf2a9cc504fe2f9b84a"

[[package]]
name = "indexmap"
version = "2.14.1"
source = "registry+https://github.com/rust-lang/crates.io-index"
checksum = "07aa2048142242915a31d35844fb311e0e53fcca590c3a0a40dcf1b841fa09eb"
dependencies = [
 "equivalent",
 "hashbrown",
]

[[package]]
name = "leb128fmt"
version = "0.1.0"
source = "registry+https://github.com/rust-lang/crates.io-index"
checksum = "09edd9e8b54e49e587e4f6295a7d29c3ea94d469cb40ab8ca70b288248a81db2"

[[package]]
name = "wasm-encoder"
version = "0.254.0"
source = "registry+https://github.com/rust-lang/crates.io-index"
checksum = "09480d646178e5fdd12bb06e812d0af9a3a191dbc9cd697fdc86687beade7393"
dependencies = [
 "leb128fmt",
]

[[package]]
name = "wasm86-compiler"
version = "0.0.0"
dependencies = [
 "wasm-encoder",
 "wasmparser",
]

[[package]]
name = "wasmparser"
version = "0.224.1"
source = "registry+https://github.com/rust-lang/crates.io-index"
checksum = "04f17a5917c2ddd3819e84c661fae0d6ba29d7b9c1f0e96c708c65a9c4188e11"
dependencies = [
 "bitflags",
 "indexmap",
]
